# THIS IS AN AUTOGENERATED FILE. DO NOT EDIT THIS FILE DIRECTLY.
# yarn lockfile v1


"@gitpod/ide-metrics-api-grpcweb@main-gha":
  version "0.0.1-main-gha.13883"
  resolved "https://registry.yarnpkg.com/@gitpod/ide-metrics-api-grpcweb/-/ide-metrics-api-grpcweb-0.0.1-main-gha.13883.tgz#26083f81b893c68885e24355d49b2d8f5da92208"
  integrity sha512-U0YpvD8ZcXM3u98HHZsyQ/B7OIH1FrqHIgqlZ8Rat6xfnvrbjr8PwTWKJUO+ud49CwTiQ6FnSh71DRIu+9aGWg==
  dependencies:
    "@improbable-eng/grpc-web" "^0.14.0"
    google-protobuf "^3.19.1"

"@gitpod/local-app-api-grpcweb@main-gha":
  version "0.1.5-main-gha.13869"
  resolved "https://registry.yarnpkg.com/@gitpod/local-app-api-grpcweb/-/local-app-api-grpcweb-0.1.5-main-gha.13869.tgz#6cc6e1d031fb8879ecde38b794376a3b4dd36c79"
  integrity sha512-XKr7qcdQuzNt/T94/OYvvA7jBjwf9zvvdauaZ5B4zCLve8lAieNUo2eGaL2GZC8+DZCDRcZ5oYqtVg7sm1aRSQ==
  dependencies:
    "@gitpod/supervisor-api-grpcweb" "0.1.5-main-gha.13869"
    "@improbable-eng/grpc-web" "0.14.0"
    google-protobuf "^3.19.1"

"@gitpod/supervisor-api-grpcweb@0.1.5-main-gha.13869":
  version "0.1.5-main-gha.13869"
  resolved "https://registry.yarnpkg.com/@gitpod/supervisor-api-grpcweb/-/supervisor-api-grpcweb-0.1.5-main-gha.13869.tgz#74948c471470320dc582e14f991ac94c568b24e7"
  integrity sha512-lBmxxrYv8EJKzqxB6P+qllcOLzpaDt5S8wFxJ/Kym4C5jgkFRtiU+wRflisX2HuHW0tB2k0fM8PWllC48s+BXA==
  dependencies:
    "@improbable-eng/grpc-web" "^0.14.0"

"@improbable-eng/grpc-web@0.14.0":
  version "0.14.0"
  resolved "https://registry.yarnpkg.com/@improbable-eng/grpc-web/-/grpc-web-0.14.0.tgz#a71c5af471dcef6a2810798f71f93ed8d6ac3817"
  integrity sha512-ag1PTMWpBZKGi6GrEcZ4lkU5Qag23Xjo10BmnK9qyx4TMmSVcWmQ3rECirfQzm2uogrM9n1M6xfOpFsJP62ivA==
  dependencies:
    browser-headers "^0.4.1"

"@improbable-eng/grpc-web@^0.14.0":
  version "0.14.1"
  resolved "https://registry.yarnpkg.com/@improbable-eng/grpc-web/-/grpc-web-0.14.1.tgz#f4662f64dc89c0f956a94bb8a3b576556c74589c"
  integrity sha512-XaIYuunepPxoiGVLLHmlnVminUGzBTnXr8Wv7khzmLWbNw4TCwJKX09GSMJlKhu/TRk6gms0ySFxewaETSBqgw==
  dependencies:
    browser-headers "^0.4.1"

"@microsoft/1ds-core-js@3.2.13", "@microsoft/1ds-core-js@^3.2.13":
  version "3.2.13"
  resolved "https://registry.yarnpkg.com/@microsoft/1ds-core-js/-/1ds-core-js-3.2.13.tgz#0c105ed75091bae3f1555c0334704fa9911c58fb"
  integrity sha512-CluYTRWcEk0ObG5EWFNWhs87e2qchJUn0p2D21ZUa3PWojPZfPSBs4//WIE0MYV8Qg1Hdif2ZTwlM7TbYUjfAg==
  dependencies:
    "@microsoft/applicationinsights-core-js" "2.8.15"
    "@microsoft/applicationinsights-shims" "^2.0.2"
    "@microsoft/dynamicproto-js" "^1.1.7"

"@microsoft/1ds-post-js@^3.2.13":
  version "3.2.13"
  resolved "https://registry.yarnpkg.com/@microsoft/1ds-post-js/-/1ds-post-js-3.2.13.tgz#560aacac8a92fdbb79e8c2ebcb293d56e19f51aa"
  integrity sha512-HgS574fdD19Bo2vPguyznL4eDw7Pcm1cVNpvbvBLWiW3x4e1FCQ3VMXChWnAxCae8Hb0XqlA2sz332ZobBavTA==
  dependencies:
    "@microsoft/1ds-core-js" "3.2.13"
    "@microsoft/applicationinsights-shims" "^2.0.2"
    "@microsoft/dynamicproto-js" "^1.1.7"

"@microsoft/applicationinsights-core-js@2.8.15":
  version "2.8.15"
  resolved "https://registry.yarnpkg.com/@microsoft/applicationinsights-core-js/-/applicationinsights-core-js-2.8.15.tgz#8fa466474260e01967fe649f14dd9e5ff91dcdc8"
  integrity sha512-yYAs9MyjGr2YijQdUSN9mVgT1ijI1FPMgcffpaPmYbHAVbQmF7bXudrBWHxmLzJlwl5rfep+Zgjli2e67lwUqQ==
  dependencies:
    "@microsoft/applicationinsights-shims" "2.0.2"
    "@microsoft/dynamicproto-js" "^1.1.9"

"@microsoft/applicationinsights-shims@2.0.2", "@microsoft/applicationinsights-shims@^2.0.2":
  version "2.0.2"
  resolved "https://registry.yarnpkg.com/@microsoft/applicationinsights-shims/-/applicationinsights-shims-2.0.2.tgz#92b36a09375e2d9cb2b4203383b05772be837085"
  integrity sha512-PoHEgsnmcqruLNHZ/amACqdJ6YYQpED0KSRe6J7gIJTtpZC1FfFU9b1fmDKDKtFoUSrPzEh1qzO3kmRZP0betg==

"@microsoft/dynamicproto-js@^1.1.7", "@microsoft/dynamicproto-js@^1.1.9":
  version "1.1.9"
  resolved "https://registry.yarnpkg.com/@microsoft/dynamicproto-js/-/dynamicproto-js-1.1.9.tgz#7437db7aa061162ee94e4131b69a62b8dad5dea6"
  integrity sha512-n1VPsljTSkthsAFYdiWfC+DKzK2WwcRp83Y1YAqdX552BstvsDjft9YXppjUzp11BPsapDoO1LDgrDB0XVsfNQ==

"@vscode/iconv-lite-umd@0.7.0":
  version "0.7.0"
  resolved "https://registry.yarnpkg.com/@vscode/iconv-lite-umd/-/iconv-lite-umd-0.7.0.tgz#d2f1e0664ee6036408f9743fee264ea0699b0e48"
  integrity sha512-bRRFxLfg5dtAyl5XyiVWz/ZBPahpOpPrNYnnHpOpUZvam4tKH35wdhP4Kj6PbM0+KdliOsPzbGWpkxcdpNB/sg==

"@vscode/vscode-languagedetection@1.0.21":
  version "1.0.21"
  resolved "https://registry.yarnpkg.com/@vscode/vscode-languagedetection/-/vscode-languagedetection-1.0.21.tgz#89b48f293f6aa3341bb888c1118d16ff13b032d3"
  integrity sha512-zSUH9HYCw5qsCtd7b31yqkpaCU6jhtkKLkvOOA8yTrIRfBSOFb8PPhgmMicD7B/m+t4PwOJXzU1XDtrM9Fd3/g==

"@zip.js/zip.js@^2.4.6":
  version "2.4.6"
  resolved "https://registry.yarnpkg.com/@zip.js/zip.js/-/zip.js-2.4.6.tgz#eb284910f4dcbccb267c5ef76950fb84ee43bb74"
  integrity sha512-gP13tvMy1bhaTWw5I/Sm3mJAOU7J8S18e4sAcscGzYY8NVUF8FRirfY17eYq+rZhRBk8SNg5bFzzWgFR47qSyw==

browser-headers@^0.4.1:
  version "0.4.1"
  resolved "https://registry.yarnpkg.com/browser-headers/-/browser-headers-0.4.1.tgz#4308a7ad3b240f4203dbb45acedb38dc2d65dd02"
  integrity sha512-CA9hsySZVo9371qEHjHZtYxV2cFtVj5Wj/ZHi8ooEsrtm4vOnl9Y9HmyYWk9q+05d7K3rdoAE0j3MVEFVvtQtg==

google-protobuf@^3.19.1:
  version "3.21.0"
  resolved "https://registry.yarnpkg.com/google-protobuf/-/google-protobuf-3.21.0.tgz#8dfa3fca16218618d373d414d3c1139e28034d6e"
  integrity sha512-byR7MBTK4tZ5PZEb+u5ZTzpt4SfrTxv5682MjPlHN16XeqgZE2/8HOIWeiXe8JKnT9OVbtBGhbq8mtvkK8cd5g==

jschardet@3.0.0:
  version "3.0.0"
  resolved "https://registry.yarnpkg.com/jschardet/-/jschardet-3.0.0.tgz#898d2332e45ebabbdb6bf2feece9feea9a99e882"
  integrity sha512-lJH6tJ77V8Nzd5QWRkFYCLc13a3vADkh3r/Fi8HupZGWk2OVVDfnZP8V/VgQgZ+lzW0kG2UGb5hFgt3V3ndotQ==

tas-client-umd@0.1.8:
  version "0.1.8"
  resolved "https://registry.yarnpkg.com/tas-client-umd/-/tas-client-umd-0.1.8.tgz#38bd32d49545417a0ea67fb618e646298e1b67cc"
  integrity sha512-0jAAujLmjjGXf9PzrNpjOrr/6CTpSOp8jX80NOHK5nlOTWWpwaZ16EOyrPdHnm2bVfPHvT0/RAD0xyiQHGQvCQ==

vscode-oniguruma@1.7.0:
  version "1.7.0"
  resolved "https://registry.yarnpkg.com/vscode-oniguruma/-/vscode-oniguruma-1.7.0.tgz#439bfad8fe71abd7798338d1cd3dc53a8beea94b"
  integrity sha512-L9WMGRfrjOhgHSdOYgCt/yRMsXzLDJSL7BPrOZt73gU0iWO4mpqzqQzOz5srxqTvMBaR0XZTSrVWo4j55Rc6cA==

vscode-textmate@9.0.0:
  version "9.0.0"
  resolved "https://registry.yarnpkg.com/vscode-textmate/-/vscode-textmate-9.0.0.tgz#313c6c8792b0507aef35aeb81b6b370b37c44d6c"
  integrity sha512-Cl65diFGxz7gpwbav10HqiY/eVYTO1sjQpmRmV991Bj7wAoOAjGQ97PpQcXorDE2Uc4hnGWLY17xme+5t6MlSg==

xterm-addon-canvas@0.5.0-beta.22:
  version "0.5.0-beta.22"
  resolved "https://registry.yarnpkg.com/xterm-addon-canvas/-/xterm-addon-canvas-0.5.0-beta.22.tgz#513f0c2b7cf96073f47627b27e8965c1b1a22431"
  integrity sha512-9F6ZI0DMRgffVfHkLkDwl5n8VscvCaV10tWI3skXOX7Y7Aws6OEeglkOPoU3IllofCU792kHKM4pPoToUxTltg==

xterm-addon-image@0.6.0-beta.14:
  version "0.6.0-beta.14"
  resolved "https://registry.yarnpkg.com/xterm-addon-image/-/xterm-addon-image-0.6.0-beta.14.tgz#75fc3f824123183a4bbb5306e22f8b2c6966b0a6"
  integrity sha512-D5Gh5JTKhHaPt1KwQNf6diF37KA4eToJw3XId1wy62tWmSqfq+QflhOGTfd+SnSQYCktU05ETzM+0tncIU62pQ==

xterm-addon-search@0.13.0-beta.20:
  version "0.13.0-beta.20"
  resolved "https://registry.yarnpkg.com/xterm-addon-search/-/xterm-addon-search-0.13.0-beta.20.tgz#8ddd0513e2a70fcefa325722100d2e1bfaf3b9cb"
  integrity sha512-wrx6187cJ1UenGL6ZeYv3jFvRPhhENTfbC+Hv1Fnww8LmsKhcj+0+Pm6yInNjX/9hNVsNzdqKyqNeEMoykyoyA==

xterm-addon-unicode11@0.6.0-beta.12:
  version "0.6.0-beta.12"
  resolved "https://registry.yarnpkg.com/xterm-addon-unicode11/-/xterm-addon-unicode11-0.6.0-beta.12.tgz#ac6df9d635325dc692e4c602e74a2fc27a09405c"
  integrity sha512-9wWWf/5nFafYgq0pn9EgAWnXaXGleVxfjNOqavpLRYFv0nw42QbaYyGvnGcxyYHM5Aqx/8rYE/DDVWZBqQZdYA==

xterm-addon-webgl@0.16.0-beta.30:
  version "0.16.0-beta.30"
  resolved "https://registry.yarnpkg.com/xterm-addon-webgl/-/xterm-addon-webgl-0.16.0-beta.30.tgz#820d5c65f868b14ec4177bfb8a294931a53616bf"
  integrity sha512-39qPHPFmNENxcHf8/CzGHS6wzKMMegoRkHB1+scqtBhSxFaD8tX5Ye33HZIEdQ9nXe9xtr4FWVp77T+n9hdrew==

xterm@5.3.0-beta.61:
  version "5.3.0-beta.61"
  resolved "https://registry.yarnpkg.com/xterm/-/xterm-5.3.0-beta.61.tgz#a6c27d90a5314da51d80deeb32f3bd77f1e1c8f6"
  integrity sha512-rJHpCc48GSpHnu0SSERynQ80D5ikvFVsqhv6JdmeONTrnAFRr134OglJRIpbi2YK8UPbV6F6Dfqm/AQh+9GZzA==
