# THIS IS AN AUTOGENERATED FILE. DO NOT EDIT THIS FILE DIRECTLY.
# yarn lockfile v1


"@gitpod/local-app-api-grpcweb@ak-vscode-tunnel-provider":
  version "0.1.5-ak-vscode-tunnel-provider.26"
  resolved "https://registry.yarnpkg.com/@gitpod/local-app-api-grpcweb/-/local-app-api-grpcweb-0.1.5-ak-vscode-tunnel-provider.26.tgz#16c4b8561f348a4279324ba586f6231fedd762f5"
  integrity sha512-Ng8KcIb0sv5vrOwmjsqeuLCw8TCiU0H/misLdUHxgyJI+gPa01Thfmu42fIF7XWGAqnycg+bkzgu07oN7yQOsg==
  dependencies:
    "@gitpod/supervisor-api-grpcweb" "0.1.5-ak-vscode-tunnel-provider.26"
    "@improbable-eng/grpc-web" "0.14.0"
    google-protobuf "^3.17.0"

"@gitpod/supervisor-api-grpcweb@0.1.5-ak-vscode-tunnel-provider.26":
  version "0.1.5-ak-vscode-tunnel-provider.26"
  resolved "https://registry.yarnpkg.com/@gitpod/supervisor-api-grpcweb/-/supervisor-api-grpcweb-0.1.5-ak-vscode-tunnel-provider.26.tgz#c7103afd3a90bda7f5117eb5be6e410a98645d23"
  integrity sha512-CbvXviDOavaLquMW180f+gWTPP0R42gKqif7iPGsmtV+Yt2Py56LnpMmbi/BjmbuAY9KCHae3dwXRwroY4nF1A==

"@improbable-eng/grpc-web@0.14.0":
  version "0.14.0"
  resolved "https://registry.yarnpkg.com/@improbable-eng/grpc-web/-/grpc-web-0.14.0.tgz#a71c5af471dcef6a2810798f71f93ed8d6ac3817"
  integrity sha512-ag1PTMWpBZKGi6GrEcZ4lkU5Qag23Xjo10BmnK9qyx4TMmSVcWmQ3rECirfQzm2uogrM9n1M6xfOpFsJP62ivA==
  dependencies:
    browser-headers "^0.4.1"

browser-headers@^0.4.1:
  version "0.4.1"
  resolved "https://registry.yarnpkg.com/browser-headers/-/browser-headers-0.4.1.tgz#4308a7ad3b240f4203dbb45acedb38dc2d65dd02"
  integrity sha512-CA9hsySZVo9371qEHjHZtYxV2cFtVj5Wj/ZHi8ooEsrtm4vOnl9Y9HmyYWk9q+05d7K3rdoAE0j3MVEFVvtQtg==

google-protobuf@^3.17.0:
  version "3.17.1"
  resolved "https://registry.yarnpkg.com/google-protobuf/-/google-protobuf-3.17.1.tgz#d5224fe7dc931f1a69cbdc5cb6e3d69ae74da651"
  integrity sha512-CHisE5cwd66w6y/K4K7x2N+SSZ0HgPBQwky7lKsj2vr4nXPuXQ2uUZgMF/ctXnd4xHL747Lh8LUgby2nA8gViA==

iconv-lite-umd@0.6.8:
  version "0.6.8"
  resolved "https://registry.yarnpkg.com/iconv-lite-umd/-/iconv-lite-umd-0.6.8.tgz#5ad310ec126b260621471a2d586f7f37b9958ec0"
  integrity sha512-zvXJ5gSwMC9JD3wDzH8CoZGc1pbiJn12Tqjk8BXYCnYz3hYL5GRjHW8LEykjXhV9WgNGI4rgpgHcbIiBfrRq6A==

jschardet@3.0.0:
  version "3.0.0"
  resolved "https://registry.yarnpkg.com/jschardet/-/jschardet-3.0.0.tgz#898d2332e45ebabbdb6bf2feece9feea9a99e882"
  integrity sha512-lJH6tJ77V8Nzd5QWRkFYCLc13a3vADkh3r/Fi8HupZGWk2OVVDfnZP8V/VgQgZ+lzW0kG2UGb5hFgt3V3ndotQ==

tas-client-umd@0.1.4:
  version "0.1.4"
  resolved "https://registry.yarnpkg.com/tas-client-umd/-/tas-client-umd-0.1.4.tgz#49db4130dd63a8342fabf77185a740fc6a7bea80"
  integrity sha512-1hFqJeLD3ryNikniIaO7TItlXhS5vx7bJ+wbPDf8o+IifgwwOWK2ARisdEM9SnJd0ccfcwNPG6Po+RiKn5L2hg==

vscode-oniguruma@1.5.1:
  version "1.5.1"
  resolved "https://registry.yarnpkg.com/vscode-oniguruma/-/vscode-oniguruma-1.5.1.tgz#9ca10cd3ada128bd6380344ea28844243d11f695"
  integrity sha512-JrBZH8DCC262TEYcYdeyZusiETu0Vli0xFgdRwNJjDcObcRjbmJP+IFcA3ScBwIXwgFHYKbAgfxtM/Cl+3Spjw==

vscode-textmate@5.4.0:
  version "5.4.0"
  resolved "https://registry.yarnpkg.com/vscode-textmate/-/vscode-textmate-5.4.0.tgz#4b25ffc1f14ac3a90faf9a388c67a01d24257cd7"
  integrity sha512-c0Q4zYZkcLizeYJ3hNyaVUM2AA8KDhNCA3JvXY8CeZSJuBdAy3bAvSbv46RClC4P3dSO9BdwhnKEx2zOo6vP/w==

xterm-addon-search@0.9.0-beta.2:
  version "0.9.0-beta.2"
  resolved "https://registry.yarnpkg.com/xterm-addon-search/-/xterm-addon-search-0.9.0-beta.2.tgz#46de7c7d5f1d0ae546b84552c08182916d83025d"
  integrity sha512-Ljg+O8HcGx1z2RjpV+nX070zpSjmefU09SFPBVWAHjGT983y6b5yoqG7AVVZdirsJ0zGiccAZL9Kila1CQN6nQ==

xterm-addon-unicode11@0.3.0-beta.5:
  version "0.3.0-beta.5"
  resolved "https://registry.yarnpkg.com/xterm-addon-unicode11/-/xterm-addon-unicode11-0.3.0-beta.5.tgz#7e490799d530d3b301125c7a4e92317c161761c4"
  integrity sha512-SgDDL3PoMH1G48JO6T45whKAex4NPxi80UzUVitnrqyd8dFQP+oF6cxqUutULgm9HSGk62qy3mrZvIMGO5VXog==

xterm-addon-webgl@0.11.1:
  version "0.11.1"
  resolved "https://registry.yarnpkg.com/xterm-addon-webgl/-/xterm-addon-webgl-0.11.1.tgz#33dd250ab52e9f51d2ff52396447962e6f53e24c"
  integrity sha512-xF6DnEoV+rPtzetMBXBZVe1kLKtus7AKdEcyfq2eMHQzhaRvC+pfnU+XiCXC85kueguqu2UkBHXZs5mihK9jOQ==

xterm@4.13.0-beta.1:
  version "4.13.0-beta.1"
  resolved "https://registry.yarnpkg.com/xterm/-/xterm-4.13.0-beta.1.tgz#ad2ad321c69a4add6e878c890f278a1da74fd7d0"
  integrity sha512-gAMGqBglESTxQWph1uKVyd1jO/6eKsbicNG+Mr/YAsj06TjFVcLw839Iqu6P+DVFEV7lLLspcOb8fwX6qMBH/Q==
