# THIS IS AN AUTOGENERATED FILE. DO NOT EDIT THIS FILE DIRECTLY.
# yarn lockfile v1


"@gitpod/gitpod-protocol@akosyakov-code-new-gitpod-protocol-5717":
  version "0.1.5-akosyakov-code-new-gitpod-protocol-5717.0"
  resolved "https://registry.yarnpkg.com/@gitpod/gitpod-protocol/-/gitpod-protocol-0.1.5-akosyakov-code-new-gitpod-protocol-5717.0.tgz#2ba3dbf8977a918617c43e057a632cf491a63a17"
  integrity sha512-/A4NU1YVa9ACnmQMxZTHoiSzbJvhl4yubFUot3HcptUnzSND4DUj3Se4m7hIRCT2GNtpbQyeTDJhdXwVxgrOrg==
  dependencies:
    ajv "^6.5.4"
    analytics-node "^4.0.1"
    inversify "^5.0.1"
    jaeger-client "3.17.2"
    js-yaml "^3.10.0"
    opentracing "^0.14.4"
    prom-client "^10.2.0"
    random-number-csprng "^1.0.2"
    reconnecting-websocket "^4.4.0"
    reflect-metadata "^0.1.10"
    uuid "^3.3.3"
    vscode-uri "^1.0.1"
    vscode-ws-jsonrpc "^0.2.0"
    ws "^7.4.6"

"@gitpod/local-app-api-grpcweb@main":
  version "0.1.5-main.1291"
  resolved "https://registry.yarnpkg.com/@gitpod/local-app-api-grpcweb/-/local-app-api-grpcweb-0.1.5-main.1291.tgz#0ad3b11c38b7db7f026188817d24cbf02ac173f6"
  integrity sha512-GkOK0kd63Ji5EDskAxMMtT9NihGCDZuw05dVhCp2E7CdspROURlEQumRQA1RTQE6lDb0O70xNA2DICUnA0ssFg==
  dependencies:
    "@gitpod/supervisor-api-grpcweb" "0.1.5-main.1291"
    "@improbable-eng/grpc-web" "0.14.0"
    google-protobuf "^3.17.0"

"@gitpod/supervisor-api-grpc@ak-no-code-desktop-in-stable":
  version "0.1.5-ak-no-code-desktop-in-stable.2"
  resolved "https://registry.yarnpkg.com/@gitpod/supervisor-api-grpc/-/supervisor-api-grpc-0.1.5-ak-no-code-desktop-in-stable.2.tgz#b71f3792cee310e5eb00111a169be17253e0dacd"
  integrity sha512-wHd/F4dI75MtNH8DjZlUZ+SUIJGyXjq6VvpQXqUGyWRPKQelgPrOx4nbCfNzsRIsAgsJvoAFU8rg7O4tr4vYtg==
  dependencies:
    "@grpc/grpc-js" "^1.3.6"
    google-protobuf "^3.17.3"

"@gitpod/supervisor-api-grpcweb@0.1.5-main.1291":
  version "0.1.5-main.1291"
  resolved "https://registry.yarnpkg.com/@gitpod/supervisor-api-grpcweb/-/supervisor-api-grpcweb-0.1.5-main.1291.tgz#5c149cff213b2d515821a2950b5d1f7fe8b0fbc8"
  integrity sha512-A7Qyt1KKdZhwHYTWL/7HHkbCQ3Ezd3wnQ0yMRNvhxjtCDvGF+MhAxOVl2lo+OUBPiY8nrt3DgrTbO1Gp+zCfLA==
  dependencies:
    "@improbable-eng/grpc-web" "^0.14.0"

"@grpc/grpc-js@^1.3.6":
  version "1.3.7"
  resolved "https://registry.yarnpkg.com/@grpc/grpc-js/-/grpc-js-1.3.7.tgz#58b687aff93b743aafde237fd2ee9a3259d7f2d8"
  integrity sha512-CKQVuwuSPh40tgOkR7c0ZisxYRiN05PcKPW72mQL5y++qd7CwBRoaJZvU5xfXnCJDFBmS3qZGQ71Frx6Ofo2XA==
  dependencies:
    "@types/node" ">=12.12.47"

"@improbable-eng/grpc-web-node-http-transport@^0.14.0":
  version "0.14.1"
  resolved "https://registry.yarnpkg.com/@improbable-eng/grpc-web-node-http-transport/-/grpc-web-node-http-transport-0.14.1.tgz#16c078db2e10aca9a8f7fb235a80b2fa447273a3"
  integrity sha512-ZsCTzI1iKUbmQjB5DNZSI5/hvdliuaPpS2h8mVj1QzynL3IFb5NrNnHVHbfcH1wbm26Ka6Z1CrKFGvKLrmbFIg==

"@improbable-eng/grpc-web@0.14.0":
  version "0.14.0"
  resolved "https://registry.yarnpkg.com/@improbable-eng/grpc-web/-/grpc-web-0.14.0.tgz#a71c5af471dcef6a2810798f71f93ed8d6ac3817"
  integrity sha512-ag1PTMWpBZKGi6GrEcZ4lkU5Qag23Xjo10BmnK9qyx4TMmSVcWmQ3rECirfQzm2uogrM9n1M6xfOpFsJP62ivA==
  dependencies:
    browser-headers "^0.4.1"

"@improbable-eng/grpc-web@^0.14.0":
  version "0.14.1"
  resolved "https://registry.yarnpkg.com/@improbable-eng/grpc-web/-/grpc-web-0.14.1.tgz#f4662f64dc89c0f956a94bb8a3b576556c74589c"
  integrity sha512-XaIYuunepPxoiGVLLHmlnVminUGzBTnXr8Wv7khzmLWbNw4TCwJKX09GSMJlKhu/TRk6gms0ySFxewaETSBqgw==
  dependencies:
    browser-headers "^0.4.1"

"@segment/loosely-validate-event@^2.0.0":
  version "2.0.0"
  resolved "https://registry.yarnpkg.com/@segment/loosely-validate-event/-/loosely-validate-event-2.0.0.tgz#87dfc979e5b4e7b82c5f1d8b722dfd5d77644681"
  integrity sha512-ZMCSfztDBqwotkl848ODgVcAmN4OItEWDCkshcKz0/W6gGSQayuuCtWV/MlodFivAZD793d6UgANd6wCXUfrIw==
  dependencies:
    component-type "^1.2.1"
    join-component "^1.1.0"

"@types/node-fetch@^2.5.12":
  version "2.5.12"
  resolved "https://registry.yarnpkg.com/@types/node-fetch/-/node-fetch-2.5.12.tgz#8a6f779b1d4e60b7a57fb6fd48d84fb545b9cc66"
  integrity sha512-MKgC4dlq4kKNa/mYrwpKfzQMB5X3ee5U6fSprkKpToBqBmX4nFZL9cW5jl6sWn+xpRJ7ypWh2yyqqr8UUCstSw==
  dependencies:
    "@types/node" "*"
    form-data "^3.0.0"

"@types/node@*", "@types/node@>=12.12.47":
  version "16.7.1"
  resolved "https://registry.yarnpkg.com/@types/node/-/node-16.7.1.tgz#c6b9198178da504dfca1fd0be9b2e1002f1586f0"
  integrity sha512-ncRdc45SoYJ2H4eWU9ReDfp3vtFqDYhjOsKlFFUDEn8V1Bgr2RjYal8YT5byfadWIRluhPFU6JiDOl0H6Sl87A==

"@types/node@^10.12.21":
  version "10.17.60"
  resolved "https://registry.yarnpkg.com/@types/node/-/node-10.17.60.tgz#35f3d6213daed95da7f0f73e75bcc6980e90597b"
  integrity sha512-F0KIgDJfy2nA3zMLmWGKxcH2ZVEtCZXHHdOQs2gSaQ27+lNeEfGxzkIw90aXswATX7AZ33tahPbzy6KAfUreVw==

"@types/tmp@^0.2.1":
  version "0.2.1"
  resolved "https://registry.yarnpkg.com/@types/tmp/-/tmp-0.2.1.tgz#83ecf4ec22a8c218c71db25f316619fe5b986011"
  integrity sha512-7cTXwKP/HLOPVgjg+YhBdQ7bMiobGMuoBmrGmqwIWJv8elC6t1DfVc/mn4fD9UE1IjhwmhaQ5pGVXkmXbH0rhg==

"@types/uuid@8.0.0":
  version "8.0.0"
  resolved "https://registry.yarnpkg.com/@types/uuid/-/uuid-8.0.0.tgz#165aae4819ad2174a17476dbe66feebd549556c0"
  integrity sha512-xSQfNcvOiE5f9dyd4Kzxbof1aTrLobL278pGLKOZI6esGfZ7ts9Ka16CzIN6Y8hFHE1C7jIBZokULhK1bOgjRw==

"@types/uuid@^8.3.1":
  version "8.3.1"
  resolved "https://registry.yarnpkg.com/@types/uuid/-/uuid-8.3.1.tgz#1a32969cf8f0364b3d8c8af9cc3555b7805df14f"
  integrity sha512-Y2mHTRAbqfFkpjldbkHGY8JIzRN6XqYRliG8/24FcHm2D2PwW24fl5xMRTVGdrb7iMrwCaIEbLWerGIkXuFWVg==

"@types/ws@^7.2.6":
  version "7.4.7"
  resolved "https://registry.yarnpkg.com/@types/ws/-/ws-7.4.7.tgz#f7c390a36f7a0679aa69de2d501319f4f8d9b702"
  integrity sha512-JQbbmxZTZehdc2iszGKs5oC3NFnjeay7mtAWrdt7qNtAVK0g19muApzAy4bm9byz79xa2ZnO/BOBC2R8RC5Lww==
  dependencies:
    "@types/node" "*"

"@types/yauzl@^2.9.1":
  version "2.9.2"
  resolved "https://registry.yarnpkg.com/@types/yauzl/-/yauzl-2.9.2.tgz#c48e5d56aff1444409e39fa164b0b4d4552a7b7a"
  integrity sha512-8uALY5LTvSuHgloDVUvWP3pIauILm+8/0pDMokuDYIoNsOkSwd5AiHBTSEJjKTDcZr5z8UpgOWZkxBF4iJftoA==
  dependencies:
    "@types/node" "*"

"@types/yazl@^2.4.2":
  version "2.4.2"
  resolved "https://registry.yarnpkg.com/@types/yazl/-/yazl-2.4.2.tgz#d5f8a4752261badbf1a36e8b49e042dc18ec84bc"
  integrity sha512-T+9JH8O2guEjXNxqmybzQ92mJUh2oCwDDMSSimZSe1P+pceZiFROZLYmcbqkzV5EUwz6VwcKXCO2S2yUpra6XQ==
  dependencies:
    "@types/node" "*"

ajv@^6.5.4:
  version "6.12.6"
  resolved "https://registry.yarnpkg.com/ajv/-/ajv-6.12.6.tgz#baf5a62e802b07d977034586f8c3baf5adf26df4"
  integrity sha512-j3fVLgvTo527anyYyJOGTYJbG+vnnQYvE0m5mmkc1TK+nxAppkCLMIL0aZ4dblVCNoGShhm+kzE4ZUykBoMg4g==
  dependencies:
    fast-deep-equal "^3.1.1"
    fast-json-stable-stringify "^2.0.0"
    json-schema-traverse "^0.4.1"
    uri-js "^4.2.2"

analytics-node@^4.0.1:
  version "4.0.1"
  resolved "https://registry.yarnpkg.com/analytics-node/-/analytics-node-4.0.1.tgz#f3d20738d4da1e4aa7236d654d9f580e254a7437"
  integrity sha512-+zXOOTB+eTRW6R9+pfvPfk1dHraFJzhNnAyZiYJIDGOjHQgfk9qfqgoJX9MfR4qY0J/E1YJ3FBncrLGadTDW1A==
  dependencies:
    "@segment/loosely-validate-event" "^2.0.0"
    axios "^0.21.1"
    axios-retry "^3.0.2"
    lodash.isstring "^4.0.1"
    md5 "^2.2.1"
    ms "^2.0.0"
    remove-trailing-slash "^0.1.0"
    uuid "^3.2.1"

ansi-color@^0.2.1:
  version "0.2.1"
  resolved "https://registry.yarnpkg.com/ansi-color/-/ansi-color-0.2.1.tgz#3e75c037475217544ed763a8db5709fa9ae5bf9a"
  integrity sha1-PnXAN0dSF1RO12Oo21cJ+prlv5o=

argparse@^1.0.7:
  version "1.0.10"
  resolved "https://registry.yarnpkg.com/argparse/-/argparse-1.0.10.tgz#bcd6791ea5ae09725e17e5ad988134cd40b3d911"
  integrity sha512-o5Roy6tNG4SL/FOkCAN6RzjiakZS25RLYFrcMttJqbdd8BWrnA+fGz57iN5Pb06pvBGvl5gQ0B48dJlslXvoTg==
  dependencies:
    sprintf-js "~1.0.2"

asynckit@^0.4.0:
  version "0.4.0"
  resolved "https://registry.yarnpkg.com/asynckit/-/asynckit-0.4.0.tgz#c79ed97f7f34cb8f2ba1bc9790bcc366474b4b79"
  integrity sha1-x57Zf380y48robyXkLzDZkdLS3k=

axios-retry@^3.0.2:
  version "3.1.9"
  resolved "https://registry.yarnpkg.com/axios-retry/-/axios-retry-3.1.9.tgz#6c30fc9aeb4519aebaec758b90ef56fa03fe72e8"
  integrity sha512-NFCoNIHq8lYkJa6ku4m+V1837TP6lCa7n79Iuf8/AqATAHYB0ISaAS1eyIenDOfHOLtym34W65Sjke2xjg2fsA==
  dependencies:
    is-retry-allowed "^1.1.0"

axios@^0.21.1:
  version "0.21.1"
  resolved "https://registry.yarnpkg.com/axios/-/axios-0.21.1.tgz#22563481962f4d6bde9a76d516ef0e5d3c09b2b8"
  integrity sha512-dKQiRHxGD9PPRIUNIWvZhPTPpl1rf/OxTYKsqKUDjBwYylTvV7SjSHJb9ratfyzM6wCdLCOYLzs73qpg5c4iGA==
  dependencies:
    follow-redirects "^1.10.0"

balanced-match@^1.0.0:
  version "1.0.2"
  resolved "https://registry.yarnpkg.com/balanced-match/-/balanced-match-1.0.2.tgz#e83e3a7e3f300b34cb9d87f615fa0cbf357690ee"
  integrity sha512-3oSeUO0TMV67hN1AmbXsK4yaqU7tjiHlbxRDZOpH0KW9+CeX4bRAaX0Anxt0tx2MrpRpWwQaPwIlISEJhYU5Pw==

bintrees@1.0.1:
  version "1.0.1"
  resolved "https://registry.yarnpkg.com/bintrees/-/bintrees-1.0.1.tgz#0e655c9b9c2435eaab68bf4027226d2b55a34524"
  integrity sha1-DmVcm5wkNeqraL9AJyJtK1WjRSQ=

bluebird@^3.3.3:
  version "3.7.2"
  resolved "https://registry.yarnpkg.com/bluebird/-/bluebird-3.7.2.tgz#9f229c15be272454ffa973ace0dbee79a1b0c36f"
  integrity sha512-XpNj6GDQzdfW+r2Wnn7xiSAd7TM3jzkxGXBGTtWKuSXv1xUV+azxAm8jdWZN06QTQk+2N2XB9jRDkvbmQmcRtg==

brace-expansion@^1.1.7:
  version "1.1.11"
  resolved "https://registry.yarnpkg.com/brace-expansion/-/brace-expansion-1.1.11.tgz#3c7fcbf529d87226f3d2f52b966ff5271eb441dd"
  integrity sha512-iCuPHDFgrHX7H2vEI/5xpz07zSHB00TpugqhmYtVmMO6518mCuRMoOYFldEBl0g187ufozdaHgWKcYFb61qGiA==
  dependencies:
    balanced-match "^1.0.0"
    concat-map "0.0.1"

browser-headers@^0.4.1:
  version "0.4.1"
  resolved "https://registry.yarnpkg.com/browser-headers/-/browser-headers-0.4.1.tgz#4308a7ad3b240f4203dbb45acedb38dc2d65dd02"
  integrity sha512-CA9hsySZVo9371qEHjHZtYxV2cFtVj5Wj/ZHi8ooEsrtm4vOnl9Y9HmyYWk9q+05d7K3rdoAE0j3MVEFVvtQtg==

buffer-crc32@~0.2.3:
  version "0.2.13"
  resolved "https://registry.yarnpkg.com/buffer-crc32/-/buffer-crc32-0.2.13.tgz#0d333e3f00eac50aa1454abd30ef8c2a5d9a7242"
  integrity sha1-DTM+PwDqxQqhRUq9MO+MKl2ackI=

bufferutil@^4.0.1:
  version "4.0.3"
  resolved "https://registry.yarnpkg.com/bufferutil/-/bufferutil-4.0.3.tgz#66724b756bed23cd7c28c4d306d7994f9943cc6b"
  integrity sha512-yEYTwGndELGvfXsImMBLop58eaGW+YdONi1fNjTINSY98tmMmFijBG6WXgdkfuLNt4imzQNtIE+eBp1PVpMCSw==
  dependencies:
    node-gyp-build "^4.2.0"

bufrw@^1.3.0:
  version "1.3.0"
  resolved "https://registry.yarnpkg.com/bufrw/-/bufrw-1.3.0.tgz#28d6cfdaf34300376836310f5c31d57eeb40c8fa"
  integrity sha512-jzQnSbdJqhIltU9O5KUiTtljP9ccw2u5ix59McQy4pV2xGhVLhRZIndY8GIrgh5HjXa6+QJ9AQhOd2QWQizJFQ==
  dependencies:
    ansi-color "^0.2.1"
    error "^7.0.0"
    hexer "^1.5.0"
    xtend "^4.0.0"

charenc@0.0.2:
  version "0.0.2"
  resolved "https://registry.yarnpkg.com/charenc/-/charenc-0.0.2.tgz#c0a1d2f3a7092e03774bfa83f14c0fc5790a8667"
  integrity sha1-wKHS86cJLgN3S/qD8UwPxXkKhmc=

coffee-script@^1.10.0:
  version "1.12.7"
  resolved "https://registry.yarnpkg.com/coffee-script/-/coffee-script-1.12.7.tgz#c05dae0cb79591d05b3070a8433a98c9a89ccc53"
  integrity sha512-fLeEhqwymYat/MpTPUjSKHVYYl0ec2mOyALEMLmzr5i1isuG+6jfI2j2d5oBO3VIzgUXgBVIcOT9uH1TFxBckw==

combined-stream@^1.0.8:
  version "1.0.8"
  resolved "https://registry.yarnpkg.com/combined-stream/-/combined-stream-1.0.8.tgz#c3d45a8b34fd730631a110a8a2520682b31d5a7f"
  integrity sha512-FQN4MRfuJeHf7cBbBMJFXhKSDq+2kAArBlmRBvcvFE5BB1HZKXtSFASDhdlz9zOYwxh8lDdnvmMOe/+5cdoEdg==
  dependencies:
    delayed-stream "~1.0.0"

component-type@^1.2.1:
  version "1.2.1"
  resolved "https://registry.yarnpkg.com/component-type/-/component-type-1.2.1.tgz#8a47901700238e4fc32269771230226f24b415a9"
  integrity sha1-ikeQFwAjjk/DIml3EjAibyS0Fak=

concat-map@0.0.1:
  version "0.0.1"
  resolved "https://registry.yarnpkg.com/concat-map/-/concat-map-0.0.1.tgz#d8a96bd77fd68df7793a73036a3ba0d5405d477b"
  integrity sha1-2Klr13/Wjfd5OnMDajug1UBdR3s=

create-error@^0.3.1:
  version "0.3.1"
  resolved "https://registry.yarnpkg.com/create-error/-/create-error-0.3.1.tgz#69810245a629e654432bf04377360003a5351a23"
  integrity sha1-aYECRaYp5lRDK/BDdzYAA6U1GiM=

crypt@0.0.2:
  version "0.0.2"
  resolved "https://registry.yarnpkg.com/crypt/-/crypt-0.0.2.tgz#88d7ff7ec0dfb86f713dc87bbb42d044d3e6c41b"
  integrity sha1-iNf/fsDfuG9xPch7u0LQRNPmxBs=

cson-parser@^1.3.3:
  version "1.3.5"
  resolved "https://registry.yarnpkg.com/cson-parser/-/cson-parser-1.3.5.tgz#7ec675e039145533bf2a6a856073f1599d9c2d24"
  integrity sha1-fsZ14DkUVTO/KmqFYHPxWZ2cLSQ=
  dependencies:
    coffee-script "^1.10.0"

delayed-stream@~1.0.0:
  version "1.0.0"
  resolved "https://registry.yarnpkg.com/delayed-stream/-/delayed-stream-1.0.0.tgz#df3ae199acadfb7d440aaae0b29e2272b24ec619"
  integrity sha1-3zrhmayt+31ECqrgsp4icrJOxhk=

error@7.0.2:
  version "7.0.2"
  resolved "https://registry.yarnpkg.com/error/-/error-7.0.2.tgz#a5f75fff4d9926126ddac0ea5dc38e689153cb02"
  integrity sha1-pfdf/02ZJhJt2sDqXcOOaJFTywI=
  dependencies:
    string-template "~0.2.1"
    xtend "~4.0.0"

error@^7.0.0:
  version "7.2.1"
  resolved "https://registry.yarnpkg.com/error/-/error-7.2.1.tgz#eab21a4689b5f684fc83da84a0e390de82d94894"
  integrity sha512-fo9HBvWnx3NGUKMvMwB/CBCMMrfEJgbDTVDEkPygA3Bdd3lM1OyCd+rbQ8BwnpF6GdVeOLDNmyL4N5Bg80ZvdA==
  dependencies:
    string-template "~0.2.1"

esbuild@^0.11.12:
  version "0.11.23"
  resolved "https://registry.yarnpkg.com/esbuild/-/esbuild-0.11.23.tgz#c42534f632e165120671d64db67883634333b4b8"
  integrity sha512-iaiZZ9vUF5wJV8ob1tl+5aJTrwDczlvGP0JoMmnpC2B0ppiMCu8n8gmy5ZTGl5bcG081XBVn+U+jP+mPFm5T5Q==

esprima@^4.0.0:
  version "4.0.1"
  resolved "https://registry.yarnpkg.com/esprima/-/esprima-4.0.1.tgz#13b04cdb3e6c5d19df91ab6987a8695619b0aa71"
  integrity sha512-eGuFFw7Upda+g4p+QHvnW0RyTX/SVeJBDM/gCtMARO0cLuT2HcEKnTPvhjV6aGeqrCB/sbNop0Kszm0jsaWU4A==

fast-deep-equal@^3.1.1:
  version "3.1.3"
  resolved "https://registry.yarnpkg.com/fast-deep-equal/-/fast-deep-equal-3.1.3.tgz#3a7d56b559d6cbc3eb512325244e619a65c6c525"
  integrity sha512-f3qQ9oQy9j2AhBe/H9VC91wLmKBCCU/gDOnKNAYG5hswO7BLKj09Hc5HYNz9cGI++xlpDCIgDaitVs03ATR84Q==

fast-json-stable-stringify@^2.0.0:
  version "2.1.0"
  resolved "https://registry.yarnpkg.com/fast-json-stable-stringify/-/fast-json-stable-stringify-2.1.0.tgz#874bf69c6f404c2b5d99c481341399fd55892633"
  integrity sha512-lhd/wF+Lk98HZoTCtlVraHtfh5XYijIjalXck7saUtuanSDyLMxnHhSXEDJqHxD7msR8D0uCmqlkwjCV8xvwHw==

fast-plist@0.1.2:
  version "0.1.2"
  resolved "https://registry.yarnpkg.com/fast-plist/-/fast-plist-0.1.2.tgz#a45aff345196006d406ca6cdcd05f69051ef35b8"
  integrity sha1-pFr/NFGWAG1AbKbNzQX2kFHvNbg=

fd-slicer@~1.1.0:
  version "1.1.0"
  resolved "https://registry.yarnpkg.com/fd-slicer/-/fd-slicer-1.1.0.tgz#25c7c89cb1f9077f8891bbe61d8f390eae256f1e"
  integrity sha1-JcfInLH5B3+IkbvmHY85Dq4lbx4=
  dependencies:
    pend "~1.2.0"

follow-redirects@^1.10.0:
  version "1.14.5"
  resolved "https://registry.yarnpkg.com/follow-redirects/-/follow-redirects-1.14.5.tgz#f09a5848981d3c772b5392309778523f8d85c381"
  integrity sha512-wtphSXy7d4/OR+MvIFbCVBDzZ5520qV8XfPklSN5QtxuMUJZ+b0Wnst1e1lCDocfzuCkHqj8k0FpZqO+UIaKNA==

form-data@^3.0.0:
  version "3.0.1"
  resolved "https://registry.yarnpkg.com/form-data/-/form-data-3.0.1.tgz#ebd53791b78356a99af9a300d4282c4d5eb9755f"
  integrity sha512-RHkBKtLWUVwd7SqRIvCZMEvAMoGUp0XU+seQiZejj0COz3RI3hWP4sCv3gZWWLjJTd7rGwcsF5eKZGii0r/hbg==
  dependencies:
    asynckit "^0.4.0"
    combined-stream "^1.0.8"
    mime-types "^2.1.12"

fs.realpath@^1.0.0:
  version "1.0.0"
  resolved "https://registry.yarnpkg.com/fs.realpath/-/fs.realpath-1.0.0.tgz#1504ad2523158caa40db4a2787cb01411994ea4f"
  integrity sha1-FQStJSMVjKpA20onh8sBQRmU6k8=

glob@^7.1.3:
  version "7.2.0"
  resolved "https://registry.yarnpkg.com/glob/-/glob-7.2.0.tgz#d15535af7732e02e948f4c41628bd910293f6023"
  integrity sha512-lmLf6gtyrPq8tTjSmrO94wBeQbFR3HbLHbuyD69wuyQkImp2hWqMGB47OX65FBkPffO641IP9jWa1z4ivqG26Q==
  dependencies:
    fs.realpath "^1.0.0"
    inflight "^1.0.4"
    inherits "2"
    minimatch "^3.0.4"
    once "^1.3.0"
    path-is-absolute "^1.0.0"

google-protobuf@^3.17.0, google-protobuf@^3.17.3:
  version "3.19.1"
  resolved "https://registry.yarnpkg.com/google-protobuf/-/google-protobuf-3.19.1.tgz#5af5390e8206c446d8f49febaffd4b7f4ac28f41"
  integrity sha512-Isv1RlNC+IzZzilcxnlVSf+JvuhxmY7DaxYCBy+zPS9XVuJRtlTTIXR9hnZ1YL1MMusJn/7eSy2swCzZIomQSg==

hexer@^1.5.0:
  version "1.5.0"
  resolved "https://registry.yarnpkg.com/hexer/-/hexer-1.5.0.tgz#b86ce808598e8a9d1892c571f3cedd86fc9f0653"
  integrity sha1-uGzoCFmOip0YksVx887dhvyfBlM=
  dependencies:
    ansi-color "^0.2.1"
    minimist "^1.1.0"
    process "^0.10.0"
    xtend "^4.0.0"

inflight@^1.0.4:
  version "1.0.6"
  resolved "https://registry.yarnpkg.com/inflight/-/inflight-1.0.6.tgz#49bd6331d7d02d0c09bc910a1075ba8165b56df9"
  integrity sha1-Sb1jMdfQLQwJvJEKEHW6gWW1bfk=
  dependencies:
    once "^1.3.0"
    wrappy "1"

inherits@2:
  version "2.0.4"
  resolved "https://registry.yarnpkg.com/inherits/-/inherits-2.0.4.tgz#0fa2c64f932917c3433a0ded55363aae37416b7c"
  integrity sha512-k/vGaX4/Yla3WzyMCvTQOXYeIHvqOKtnqBduzTHpzpQZzAskKMhZ2K+EnBiSM9zGSoIFeMpXKxa4dYeZIQqewQ==

inversify@^5.0.1:
  version "5.1.1"
  resolved "https://registry.yarnpkg.com/inversify/-/inversify-5.1.1.tgz#6fbd668c591337404e005a1946bfe0d802c08730"
  integrity sha512-j8grHGDzv1v+8T1sAQ+3boTCntFPfvxLCkNcxB1J8qA0lUN+fAlSyYd+RXKvaPRL4AGyPxViutBEJHNXOyUdFQ==

is-buffer@~1.1.6:
  version "1.1.6"
  resolved "https://registry.yarnpkg.com/is-buffer/-/is-buffer-1.1.6.tgz#efaa2ea9daa0d7ab2ea13a97b2b8ad51fefbe8be"
  integrity sha512-NcdALwpXkTm5Zvvbk7owOUSvVvBKDgKP5/ewfXEznmQFfs4ZRmanOeKBTjRVjka3QFoN6XJ+9F3USqfHqTaU5w==

is-retry-allowed@^1.1.0:
  version "1.2.0"
  resolved "https://registry.yarnpkg.com/is-retry-allowed/-/is-retry-allowed-1.2.0.tgz#d778488bd0a4666a3be8a1482b9f2baafedea8b4"
  integrity sha512-RUbUeKwvm3XG2VYamhJL1xFktgjvPzL0Hq8C+6yrWIswDy3BIXGqCxhxkc30N9jqK311gVU137K8Ei55/zVJRg==

jaeger-client@3.17.2:
  version "3.17.2"
  resolved "https://registry.yarnpkg.com/jaeger-client/-/jaeger-client-3.17.2.tgz#92cf26752c5c66f3e66adf595cdde2f548cc0804"
  integrity sha512-19YloSidmKbrXHgecLWod8eXo7rm2ieUnsfg0ripTFGRCW5v2OWE96Gte4/tOQG/8N+T39VoLU2nMBdjbdMUJg==
  dependencies:
    node-int64 "^0.4.0"
    opentracing "^0.13.0"
    thriftrw "^3.5.0"
    uuid "^3.2.1"
    xorshift "^0.2.0"

join-component@^1.1.0:
  version "1.1.0"
  resolved "https://registry.yarnpkg.com/join-component/-/join-component-1.1.0.tgz#b8417b750661a392bee2c2537c68b2a9d4977cd5"
  integrity sha1-uEF7dQZho5K+4sJTfGiyqdSXfNU=

js-yaml@^3.10.0:
  version "3.14.1"
  resolved "https://registry.yarnpkg.com/js-yaml/-/js-yaml-3.14.1.tgz#dae812fdb3825fa306609a8717383c50c36a0537"
  integrity sha512-okMH7OXXJ7YrN9Ok3/SXrnu4iX9yOk+25nqX4imS2npuvTYDmo/QEZoqwZkYaIDk3jVvBOTOIEgEhaLOynBS9g==
  dependencies:
    argparse "^1.0.7"
    esprima "^4.0.0"

json-schema-traverse@^0.4.1:
  version "0.4.1"
  resolved "https://registry.yarnpkg.com/json-schema-traverse/-/json-schema-traverse-0.4.1.tgz#69f6a87d9513ab8bb8fe63bdb0979c448e684660"
  integrity sha512-xbbCH5dCYU5T8LcEhhuh7HJ88HXuW3qsI3Y0zOZFKfZEHcpWiHU/Jxzk629Brsab/mMiHQti9wMP+845RPe3Vg==

lodash.isstring@^4.0.1:
  version "4.0.1"
  resolved "https://registry.yarnpkg.com/lodash.isstring/-/lodash.isstring-4.0.1.tgz#d527dfb5456eca7cc9bb95d5daeaf88ba54a5451"
  integrity sha1-1SfftUVuynzJu5XV2ur4i6VKVFE=

long@^2.4.0:
  version "2.4.0"
  resolved "https://registry.yarnpkg.com/long/-/long-2.4.0.tgz#9fa180bb1d9500cdc29c4156766a1995e1f4524f"
  integrity sha1-n6GAux2VAM3CnEFWdmoZleH0Uk8=

md5@^2.2.1:
  version "2.3.0"
  resolved "https://registry.yarnpkg.com/md5/-/md5-2.3.0.tgz#c3da9a6aae3a30b46b7b0c349b87b110dc3bda4f"
  integrity sha512-T1GITYmFaKuO91vxyoQMFETst+O71VUPEU3ze5GNzDm0OWdP8v1ziTaAEPUr/3kLsY3Sftgz242A1SetQiDL7g==
  dependencies:
    charenc "0.0.2"
    crypt "0.0.2"
    is-buffer "~1.1.6"

mime-db@1.51.0:
  version "1.51.0"
  resolved "https://registry.yarnpkg.com/mime-db/-/mime-db-1.51.0.tgz#d9ff62451859b18342d960850dc3cfb77e63fb0c"
  integrity sha512-5y8A56jg7XVQx2mbv1lu49NR4dokRnhZYTtL+KGfaa27uq4pSTXkwQkFJl4pkRMyNFz/EtYDSkiiEHx3F7UN6g==

mime-types@^2.1.12:
  version "2.1.34"
  resolved "https://registry.yarnpkg.com/mime-types/-/mime-types-2.1.34.tgz#5a712f9ec1503511a945803640fafe09d3793c24"
  integrity sha512-6cP692WwGIs9XXdOO4++N+7qjqv0rqxxVvJ3VHPh/Sc9mVZcQP+ZGhkKiTvWMQRr2tbHkJP/Yn7Y0npb3ZBs4A==
  dependencies:
    mime-db "1.51.0"

minimatch@^3.0.4:
  version "3.0.4"
  resolved "https://registry.yarnpkg.com/minimatch/-/minimatch-3.0.4.tgz#5166e286457f03306064be5497e8dbb0c3d32083"
  integrity sha512-yJHVQEhyqPLUTgt9B83PXu6W3rx4MvvHvSUvToogpwoGDOUQ+yDrR0HRot+yOCdCO7u4hX3pWft6kWBBcqh0UA==
  dependencies:
    brace-expansion "^1.1.7"

minimist@^1.1.0:
  version "1.2.5"
  resolved "https://registry.yarnpkg.com/minimist/-/minimist-1.2.5.tgz#67d66014b66a6a8aaa0c083c5fd58df4e4e97602"
  integrity sha512-FM9nNUYrRBAELZQT3xeZQ7fmMOBg6nWNmJKTcgsJeaLstP/UODVpGsr5OhXhhXg6f+qtJ8uiZ+PUxkDWcgIXLw==

ms@^2.0.0:
  version "2.1.3"
  resolved "https://registry.yarnpkg.com/ms/-/ms-2.1.3.tgz#574c8138ce1d2b5861f0b44579dbadd60c6615b2"
  integrity sha512-6FlzubTLZG3J2a/NVCAleEhjzq5oxgHyaCU9yYXvcLsvoVaHJq/s5xXI6/XXP6tz7R9xAOtHnSO/tXtF3WRTlA==

node-fetch@^2.6.1:
  version "2.6.6"
  resolved "https://registry.yarnpkg.com/node-fetch/-/node-fetch-2.6.6.tgz#1751a7c01834e8e1697758732e9efb6eeadfaf89"
  integrity sha512-Z8/6vRlTUChSdIgMa51jxQ4lrw/Jy5SOW10ObaA47/RElsAN2c5Pn8bTgFGWn/ibwzXTE8qwr1Yzx28vsecXEA==
  dependencies:
    whatwg-url "^5.0.0"

node-fetch@^2.6.5:
  version "2.6.5"
  resolved "https://registry.yarnpkg.com/node-fetch/-/node-fetch-2.6.5.tgz#42735537d7f080a7e5f78b6c549b7146be1742fd"
  integrity sha512-mmlIVHJEu5rnIxgEgez6b9GgWXbkZj5YZ7fx+2r94a2E+Uirsp6HsPTPlomfdHtpt/B0cdKviwkoaM6pyvUOpQ==
  dependencies:
    whatwg-url "^5.0.0"

node-gyp-build@^4.2.0:
  version "4.3.0"
  resolved "https://registry.yarnpkg.com/node-gyp-build/-/node-gyp-build-4.3.0.tgz#9f256b03e5826150be39c764bf51e993946d71a3"
  integrity sha512-iWjXZvmboq0ja1pUGULQBexmxq8CV4xBhX7VDOTbL7ZR4FOowwY/VOtRxBN/yKxmdGoIp4j5ysNT4u3S2pDQ3Q==

node-int64@^0.4.0:
  version "0.4.0"
  resolved "https://registry.yarnpkg.com/node-int64/-/node-int64-0.4.0.tgz#87a9065cdb355d3182d8f94ce11188b825c68a3b"
  integrity sha1-h6kGXNs1XTGC2PlM4RGIuCXGijs=

once@^1.3.0:
  version "1.4.0"
  resolved "https://registry.yarnpkg.com/once/-/once-1.4.0.tgz#583b1aa775961d4b113ac17d9c50baef9dd76bd1"
  integrity sha1-WDsap3WWHUsROsF9nFC6753Xa9E=
  dependencies:
    wrappy "1"

opentracing@^0.13.0:
  version "0.13.0"
  resolved "https://registry.yarnpkg.com/opentracing/-/opentracing-0.13.0.tgz#6a341442f09d7d866bc11ed03de1e3828e3d6aab"
  integrity sha1-ajQUQvCdfYZrwR7QPeHjgo49aqs=

opentracing@^0.14.4:
  version "0.14.5"
  resolved "https://registry.yarnpkg.com/opentracing/-/opentracing-0.14.5.tgz#891fa92cd90a24e64f99bc964370227310926c85"
  integrity sha512-XLKtEfHxqrWyF1fzxznsv78w3csW41ucHnjiKnfzZLD5FN8UBDZZL1i4q0FR29zjxXhm+2Hop+5Vr/b8tKIvEg==

path-is-absolute@^1.0.0:
  version "1.0.1"
  resolved "https://registry.yarnpkg.com/path-is-absolute/-/path-is-absolute-1.0.1.tgz#174b9268735534ffbc7ace6bf53a5a9e1b5c5f5f"
  integrity sha1-F0uSaHNVNP+8es5r9TpanhtcX18=

pend@~1.2.0:
  version "1.2.0"
  resolved "https://registry.yarnpkg.com/pend/-/pend-1.2.0.tgz#7a57eb550a6783f9115331fcf4663d5c8e007a50"
  integrity sha1-elfrVQpng/kRUzH89GY9XI4AelA=

process@^0.10.0:
  version "0.10.1"
  resolved "https://registry.yarnpkg.com/process/-/process-0.10.1.tgz#842457cc51cfed72dc775afeeafb8c6034372725"
  integrity sha1-hCRXzFHP7XLcd1r+6vuMYDQ3JyU=

prom-client@^10.2.0:
  version "10.2.3"
  resolved "https://registry.yarnpkg.com/prom-client/-/prom-client-10.2.3.tgz#a51bf21c239c954a6c5be4b1361fdd380218bb41"
  integrity sha512-Xboq5+TdUwuQtSSDRZRNnb5NprINlgQN999VqUjZxnLKydUNLeIPx6Eiahg6oJua3XBg2TGnh5Cth1s4I6+r7g==
  dependencies:
    tdigest "^0.1.1"

punycode@^2.1.0:
  version "2.1.1"
  resolved "https://registry.yarnpkg.com/punycode/-/punycode-2.1.1.tgz#b58b010ac40c22c5657616c8d2c2c02c7bf479ec"
  integrity sha512-XRsRjdf+j5ml+y/6GKHPZbrF/8p2Yga0JPtdqTIY2Xe5ohJPD9saDJJLPvp9+NSBprVvevdXZybnj2cv8OEd0A==

random-number-csprng@^1.0.2:
  version "1.0.2"
  resolved "https://registry.yarnpkg.com/random-number-csprng/-/random-number-csprng-1.0.2.tgz#fcd120e62dffc2c07674c7c3fe01e16b25f73a26"
  integrity sha1-/NEg5i3/wsB2dMfD/gHhayX3OiY=
  dependencies:
    bluebird "^3.3.3"
    create-error "^0.3.1"

reconnecting-websocket@^4.4.0:
  version "4.4.0"
  resolved "https://registry.yarnpkg.com/reconnecting-websocket/-/reconnecting-websocket-4.4.0.tgz#3b0e5b96ef119e78a03135865b8bb0af1b948783"
  integrity sha512-D2E33ceRPga0NvTDhJmphEgJ7FUYF0v4lr1ki0csq06OdlxKfugGzN0dSkxM/NfqCxYELK4KcaTOUOjTV6Dcng==

reflect-metadata@^0.1.10:
  version "0.1.13"
  resolved "https://registry.yarnpkg.com/reflect-metadata/-/reflect-metadata-0.1.13.tgz#67ae3ca57c972a2aa1642b10fe363fe32d49dc08"
  integrity sha512-Ts1Y/anZELhSsjMcU605fU9RE4Oi3p5ORujwbIKXfWa+0Zxs510Qrmrce5/Jowq3cHSZSJqBjypxmHarc+vEWg==

remove-trailing-slash@^0.1.0:
  version "0.1.1"
  resolved "https://registry.yarnpkg.com/remove-trailing-slash/-/remove-trailing-slash-0.1.1.tgz#be2285a59f39c74d1bce4f825950061915e3780d"
  integrity sha512-o4S4Qh6L2jpnCy83ysZDau+VORNvnFw07CKSAymkd6ICNVEPisMyzlc00KlvvicsxKck94SEwhDnMNdICzO+tA==

rimraf@^3.0.0:
  version "3.0.2"
  resolved "https://registry.yarnpkg.com/rimraf/-/rimraf-3.0.2.tgz#f1a5402ba6220ad52cc1282bac1ae3aa49fd061a"
  integrity sha512-JZkJMZkAGFFPP2YqXZXPbMlMBgsxzE8ILs4lMIX/2o0L9UBw9O/Y3o6wFw/i9YLapcUJWwqbi3kdxIPdC62TIA==
  dependencies:
    glob "^7.1.3"

sprintf-js@~1.0.2:
  version "1.0.3"
  resolved "https://registry.yarnpkg.com/sprintf-js/-/sprintf-js-1.0.3.tgz#04e6926f662895354f3dd015203633b857297e2c"
  integrity sha1-BOaSb2YolTVPPdAVIDYzuFcpfiw=

string-template@~0.2.1:
  version "0.2.1"
  resolved "https://registry.yarnpkg.com/string-template/-/string-template-0.2.1.tgz#42932e598a352d01fc22ec3367d9d84eec6c9add"
  integrity sha1-QpMuWYo1LQH8IuwzZ9nYTuxsmt0=

tdigest@^0.1.1:
  version "0.1.1"
  resolved "https://registry.yarnpkg.com/tdigest/-/tdigest-0.1.1.tgz#2e3cb2c39ea449e55d1e6cd91117accca4588021"
  integrity sha1-Ljyyw56kSeVdHmzZEReszKRYgCE=
  dependencies:
    bintrees "1.0.1"

thriftrw@^3.5.0:
  version "3.12.0"
  resolved "https://registry.yarnpkg.com/thriftrw/-/thriftrw-3.12.0.tgz#30857847755e7f036b2e0a79d11c9f55075539d9"
  integrity sha512-4YZvR4DPEI41n4Opwr4jmrLGG4hndxr7387kzRFIIzxHQjarPusH4lGXrugvgb7TtPrfZVTpZCVe44/xUxowEw==
  dependencies:
    bufrw "^1.3.0"
    error "7.0.2"
    long "^2.4.0"

tmp@^0.2.1:
  version "0.2.1"
  resolved "https://registry.yarnpkg.com/tmp/-/tmp-0.2.1.tgz#8457fc3037dcf4719c251367a1af6500ee1ccf14"
  integrity sha512-76SUhtfqR2Ijn+xllcI5P1oyannHNHByD80W1q447gU3mp9G9PSpGdWmjUOHRDPiHYacIk66W7ubDTuPF3BEtQ==
  dependencies:
    rimraf "^3.0.0"

tr46@~0.0.3:
  version "0.0.3"
  resolved "https://registry.yarnpkg.com/tr46/-/tr46-0.0.3.tgz#8184fd347dac9cdc185992f3a6622e14b9d9ab6a"
  integrity sha1-gYT9NH2snNwYWZLzpmIuFLnZq2o=

typescript@4.5.5:
  version "4.5.5"
  resolved "https://registry.yarnpkg.com/typescript/-/typescript-4.5.5.tgz#d8c953832d28924a9e3d37c73d729c846c5896f3"
  integrity sha512-TCTIul70LyWe6IJWT8QSYeA54WQe8EjQFU4wY52Fasj5UKx88LNYKCgBEHcOMOrFF1rKGbD8v/xcNWVUq9SymA==

uri-js@^4.2.2:
  version "4.4.1"
  resolved "https://registry.yarnpkg.com/uri-js/-/uri-js-4.4.1.tgz#9b1a52595225859e55f669d928f88c6c57f2a77e"
  integrity sha512-7rKUyy33Q1yc98pQ1DAmLtwX109F7TIfWlW1Ydo8Wl1ii1SeHieeh0HHfPeL2fMXK6z0s8ecKs9frCuLJvndBg==
  dependencies:
    punycode "^2.1.0"

utf-8-validate@^5.0.2:
  version "5.0.5"
  resolved "https://registry.yarnpkg.com/utf-8-validate/-/utf-8-validate-5.0.5.tgz#dd32c2e82c72002dc9f02eb67ba6761f43456ca1"
  integrity sha512-+pnxRYsS/axEpkrrEpzYfNZGXp0IjC/9RIxwM5gntY4Koi8SHmUGSfxfWqxZdRxrtaoVstuOzUp/rbs3JSPELQ==
  dependencies:
    node-gyp-build "^4.2.0"

uuid@8.1.0:
  version "8.1.0"
  resolved "https://registry.yarnpkg.com/uuid/-/uuid-8.1.0.tgz#6f1536eb43249f473abc6bd58ff983da1ca30d8d"
  integrity sha512-CI18flHDznR0lq54xBycOVmphdCYnQLKn8abKn7PXUiKUGdEd+/l9LWNJmugXel4hXq7S+RMNl34ecyC9TntWg==

uuid@^3.2.1, uuid@^3.3.3:
  version "3.4.0"
  resolved "https://registry.yarnpkg.com/uuid/-/uuid-3.4.0.tgz#b23e4358afa8a202fe7a100af1f5f883f02007ee"
  integrity sha512-HjSDRw6gZE5JMggctHBcjVak08+KEVhSIiDzFnT9S9aegmp85S/bReBVTb4QTFaRNptJ9kuYaNhnbNEOkbKb/A==

uuid@^8.3.1:
  version "8.3.2"
  resolved "https://registry.yarnpkg.com/uuid/-/uuid-8.3.2.tgz#80d5b5ced271bb9af6c445f21a1a04c606cefbe2"
  integrity sha512-+NYs2QeMWy+GWFOEm9xnn6HCDp0l7QBD7ml8zLUmJ+93Q5NF0NocErnwkTkXVFNiX3/fpC6afS8Dhb/gz7R7eg==

vscode-grammar-updater@^1.0.3:
  version "1.0.3"
  resolved "https://registry.yarnpkg.com/vscode-grammar-updater/-/vscode-grammar-updater-1.0.3.tgz#695ccaf0567c6a000005a969cd87ecc3b5c25018"
  integrity sha512-V/OnMGyAk7Ldv5NC2p+NovidsAghdfbFFnimEzQ7F/TYIqDLJCVe28RcvaU2gywCSCtxNfS5MYe0egiaRIWNEw==
  dependencies:
    cson-parser "^1.3.3"
    fast-plist "0.1.2"

vscode-jsonrpc@^5.0.0, vscode-jsonrpc@^5.0.1:
  version "5.0.1"
  resolved "https://registry.yarnpkg.com/vscode-jsonrpc/-/vscode-jsonrpc-5.0.1.tgz#9bab9c330d89f43fc8c1e8702b5c36e058a01794"
  integrity sha512-JvONPptw3GAQGXlVV2utDcHx0BiY34FupW/kI6mZ5x06ER5DdPG/tXWMVHjTNULF5uKPOUUD0SaXg5QaubJL0A==

vscode-nls@^5.0.0:
  version "5.0.0"
  resolved "https://registry.yarnpkg.com/vscode-nls/-/vscode-nls-5.0.0.tgz#99f0da0bd9ea7cda44e565a74c54b1f2bc257840"
  integrity sha512-u0Lw+IYlgbEJFF6/qAqG2d1jQmJl0eyAGJHoAJqr2HT4M2BNuQYSEiSE75f52pXHSJm8AlTjnLLbBFPrdz2hpA==

vscode-uri@^1.0.1:
  version "1.0.8"
  resolved "https://registry.yarnpkg.com/vscode-uri/-/vscode-uri-1.0.8.tgz#9769aaececae4026fb6e22359cb38946580ded59"
  integrity sha512-obtSWTlbJ+a+TFRYGaUumtVwb+InIUVI0Lu0VBUAPmj2cU5JutEXg3xUE0c2J5Tcy7h2DEKVJBFi+Y9ZSFzzPQ==

vscode-ws-jsonrpc@^0.2.0:
  version "0.2.0"
  resolved "https://registry.yarnpkg.com/vscode-ws-jsonrpc/-/vscode-ws-jsonrpc-0.2.0.tgz#5e9c26e10da54a1a235da7d59e74508bbcb8edd9"
  integrity sha512-NE9HNRgPjCaPyTJvIudcpyIWPImxwRDtuTX16yks7SAiZgSXigxAiZOvSvVBGmD1G/OMfrFo6BblOtjVR9DdVA==
  dependencies:
    vscode-jsonrpc "^5.0.0"

webidl-conversions@^3.0.0:
  version "3.0.1"
  resolved "https://registry.yarnpkg.com/webidl-conversions/-/webidl-conversions-3.0.1.tgz#24534275e2a7bc6be7bc86611cc16ae0a5654871"
  integrity sha1-JFNCdeKnvGvnvIZhHMFq4KVlSHE=

whatwg-url@^5.0.0:
  version "5.0.0"
  resolved "https://registry.yarnpkg.com/whatwg-url/-/whatwg-url-5.0.0.tgz#966454e8765462e37644d3626f6742ce8b70965d"
  integrity sha1-lmRU6HZUYuN2RNNib2dCzotwll0=
  dependencies:
    tr46 "~0.0.3"
    webidl-conversions "^3.0.0"

wrappy@1:
  version "1.0.2"
  resolved "https://registry.yarnpkg.com/wrappy/-/wrappy-1.0.2.tgz#b5243d8f3ec1aa35f1364605bc0d1036e30ab69f"
  integrity sha1-tSQ9jz7BqjXxNkYFvA0QNuMKtp8=

ws@^7.3.1, ws@^7.4.6:
  version "7.5.3"
  resolved "https://registry.yarnpkg.com/ws/-/ws-7.5.3.tgz#160835b63c7d97bfab418fc1b8a9fced2ac01a74"
  integrity sha512-kQ/dHIzuLrS6Je9+uv81ueZomEwH0qVYstcAQ4/Z93K8zeko9gtAbttJWzoC5ukqXY1PpoouV3+VSOqEAFt5wg==

xorshift@^0.2.0:
  version "0.2.1"
  resolved "https://registry.yarnpkg.com/xorshift/-/xorshift-0.2.1.tgz#fcd82267e9351c13f0fb9c73307f25331d29c63a"
  integrity sha1-/NgiZ+k1HBPw+5xzMH8lMx0pxjo=

xtend@^4.0.0, xtend@~4.0.0:
  version "4.0.2"
  resolved "https://registry.yarnpkg.com/xtend/-/xtend-4.0.2.tgz#bb72779f5fa465186b1f438f674fa347fdb5db54"
  integrity sha512-LKYU1iAXJXUgAXn9URjiu+MWhyUXHsvfp7mcuYm9dSUKK0/CjtrUwFAxD82/mCWbtLsGjFIad0wIsod4zrTAEQ==

yaml@^1.10.0:
  version "1.10.2"
  resolved "https://registry.yarnpkg.com/yaml/-/yaml-1.10.2.tgz#2301c5ffbf12b467de8da2333a459e29e7920e4b"
  integrity sha512-r3vXyErRCYJ7wg28yvBY5VSoAF8ZvlcW9/BwUzEtUsjvX/DKs24dIkuwjtuprwJJHsbyUbLApepYTR1BN4uHrg==

yauzl@^2.9.2:
  version "2.10.0"
  resolved "https://registry.yarnpkg.com/yauzl/-/yauzl-2.10.0.tgz#c7eb17c93e112cb1086fa6d8e51fb0667b79a5f9"
  integrity sha1-x+sXyT4RLLEIb6bY5R+wZnt5pfk=
  dependencies:
    buffer-crc32 "~0.2.3"
    fd-slicer "~1.1.0"

yazl@^2.4.3:
  version "2.5.1"
  resolved "https://registry.yarnpkg.com/yazl/-/yazl-2.5.1.tgz#a3d65d3dd659a5b0937850e8609f22fffa2b5c35"
  integrity sha512-phENi2PLiHnHb6QBVot+dJnaAZ0xosj7p3fWl+znIjBDlnMI2PsZCJZ306BPTFOaHf5qdDEI8x5qFrSOBN5vrw==
  dependencies:
    buffer-crc32 "~0.2.3"
